
Microsoft Visual Studio Solution File, Format Version 12.00
# Visual Studio Version 17
VisualStudioVersion = 17.1.32328.378
MinimumVisualStudioVersion = 10.0.40219.1
Project("{FAE04EC0-301F-11D3-BF4B-00C04F79EFBC}") = "MathQuiz", "MathQuiz\MathQuiz.csproj", "{FFB381C9-C36A-4CCD-8860-2E03D05B5B23}"
EndProject
Global
	GlobalSection(SolutionConfigurationPlatforms) = preSolution
		Debug|Any CPU = Debug|Any CPU
		Release|Any CPU = Release|Any CPU
	EndGlobalSection
	GlobalSection(ProjectConfigurationPlatforms) = postSolution
		{FFB381C9-C36A-4CCD-8860-2E03D05B5B23}.Debug|Any CPU.ActiveCfg = Debug|Any CPU
		{FFB381C9-C36A-4CCD-8860-2E03D05B5B23}.Debug|Any CPU.Build.0 = Debug|Any CPU
		{FFB381C9-C36A-4CCD-8860-2E03D05B5B23}.Release|Any CPU.ActiveCfg = Release|Any CPU
		{FFB381C9-C36A-4CCD-8860-2E03D05B5B23}.Release|Any CPU.Build.0 = Release|Any CPU
	EndGlobalSection
	GlobalSection(SolutionProperties) = preSolution
		HideSolutionNode = FALSE
	EndGlobalSection
	GlobalSection(ExtensibilityGlobals) = postSolution
		SolutionGuid = {39285C62-9503-4586-9879-0C205CE7905F}
	EndGlobalSection
EndGlobal
